
Microsoft Visual Studio Solution File, Format Version 12.00
# Visual Studio Version 16
VisualStudioVersion = 16.0.29020.237
MinimumVisualStudioVersion = 10.0.40219.1
Project("{FAE04EC0-301F-11D3-BF4B-00C04F79EFBC}") = "WindowAlert", "WindowAlert\WindowAlert.csproj", "{DF8B43BA-E692-49BE-89A6-9D4DDEA17D4D}"
EndProject
Global
	GlobalSection(SolutionConfigurationPlatforms) = preSolution
		Debug|Any CPU = Debug|Any CPU
		Release|Any CPU = Release|Any CPU
	EndGlobalSection
	GlobalSection(ProjectConfigurationPlatforms) = postSolution
		{DF8B43BA-E692-49BE-89A6-9D4DDEA17D4D}.Debug|Any CPU.ActiveCfg = Debug|Any CPU
		{DF8B43BA-E692-49BE-89A6-9D4DDEA17D4D}.Debug|Any CPU.Build.0 = Debug|Any CPU
		{DF8B43BA-E692-49BE-89A6-9D4DDEA17D4D}.Release|Any CPU.ActiveCfg = Release|Any CPU
		{DF8B43BA-E692-49BE-89A6-9D4DDEA17D4D}.Release|Any CPU.Build.0 = Release|Any CPU
	EndGlobalSection
	GlobalSection(SolutionProperties) = preSolution
		HideSolutionNode = FALSE
	EndGlobalSection
	GlobalSection(ExtensibilityGlobals) = postSolution
		SolutionGuid = {43FFB733-5E51-45B1-85B1-943446CF9C67}
	EndGlobalSection
EndGlobal
